# THIS IS AN AUTOGENERATED FILE. DO NOT EDIT THIS FILE DIRECTLY.
# yarn lockfile v1


js.spec@^1.0.0-23:
  version "1.0.0-23"
  resolved "https://registry.yarnpkg.com/js.spec/-/js.spec-1.0.0-23.tgz#20678e4bc9cde98a3c732304177ccfafee864f59"
  integrity sha512-cQtSyth0/zraNkzMmdX2o/6AWhjhf4u9K8nCUMaBdphG4NCrbd/Of51nDtMERJNL9t9FsyXvyct4ZE++Ib3kqg==
  dependencies:
    lodash.chunk "^4.2.0"
    lodash.flattendeep "^4.4.0"
    lodash.get "^4.4.2"
    lodash.isboolean "^3.0.3"
    lodash.isdate "^4.0.1"
    lodash.isfinite "^3.3.2"
    lodash.isfunction "^3.0.8"
    lodash.isinteger "^4.0.4"
    lodash.isnil "^4.0.0"
    lodash.isnumber "^3.0.3"
    lodash.isplainobject "^4.0.6"
    lodash.isregexp "^4.0.1"
    lodash.isset "^4.4.2"
    lodash.isstring "^4.0.1"
    lodash.issymbol "^4.0.1"

lodash.chunk@^4.2.0:
  version "4.2.0"
  resolved "https://registry.yarnpkg.com/lodash.chunk/-/lodash.chunk-4.2.0.tgz#66e5ce1f76ed27b4303d8c6512e8d1216e8106bc"
  integrity sha1-ZuXOH3btJ7QwPYxlEujRIW6BBrw=

lodash.flattendeep@^4.4.0:
  version "4.4.0"
  resolved "https://registry.yarnpkg.com/lodash.flattendeep/-/lodash.flattendeep-4.4.0.tgz#fb030917f86a3134e5bc9bec0d69e0013ddfedb2"
  integrity sha1-+wMJF/hqMTTlvJvsDWngAT3f7bI=

lodash.get@^4.4.2:
  version "4.4.2"
  resolved "https://registry.yarnpkg.com/lodash.get/-/lodash.get-4.4.2.tgz#2d177f652fa31e939b4438d5341499dfa3825e99"
  integrity sha1-LRd/ZS+jHpObRDjVNBSZ36OCXpk=

lodash.isboolean@^3.0.3:
  version "3.0.3"
  resolved "https://registry.yarnpkg.com/lodash.isboolean/-/lodash.isboolean-3.0.3.tgz#6c2e171db2a257cd96802fd43b01b20d5f5870f6"
  integrity sha1-bC4XHbKiV82WgC/UOwGyDV9YcPY=

lodash.isdate@^4.0.1:
  version "4.0.1"
  resolved "https://registry.yarnpkg.com/lodash.isdate/-/lodash.isdate-4.0.1.tgz#35a543673b9d76110de4114b32cc577048a7f366"
  integrity sha1-NaVDZzuddhEN5BFLMsxXcEin82Y=

lodash.isfinite@^3.3.2:
  version "3.3.2"
  resolved "https://registry.yarnpkg.com/lodash.isfinite/-/lodash.isfinite-3.3.2.tgz#fb89b65a9a80281833f0b7478b3a5104f898ebb3"
  integrity sha1-+4m2WpqAKBgz8LdHizpRBPiY67M=

lodash.isfunction@^3.0.8:
  version "3.0.9"
  resolved "https://registry.yarnpkg.com/lodash.isfunction/-/lodash.isfunction-3.0.9.tgz#06de25df4db327ac931981d1bdb067e5af68d051"
  integrity sha512-AirXNj15uRIMMPihnkInB4i3NHeb4iBtNg9WRWuK2o31S+ePwwNmDPaTL3o7dTJ+VXNZim7rFs4rxN4YU1oUJw==

lodash.isinteger@^4.0.4:
  version "4.0.4"
  resolved "https://registry.yarnpkg.com/lodash.isinteger/-/lodash.isinteger-4.0.4.tgz#619c0af3d03f8b04c31f5882840b77b11cd68343"
  integrity sha1-YZwK89A/iwTDH1iChAt3sRzWg0M=

lodash.isnil@^4.0.0:
  version "4.0.0"
  resolved "https://registry.yarnpkg.com/lodash.isnil/-/lodash.isnil-4.0.0.tgz#49e28cd559013458c814c5479d3c663a21bfaa6c"
  integrity sha1-SeKM1VkBNFjIFMVHnTxmOiG/qmw=

lodash.isnumber@^3.0.3:
  version "3.0.3"
  resolved "https://registry.yarnpkg.com/lodash.isnumber/-/lodash.isnumber-3.0.3.tgz#3ce76810c5928d03352301ac287317f11c0b1ffc"
  integrity sha1-POdoEMWSjQM1IwGsKHMX8RwLH/w=

lodash.isplainobject@^4.0.6:
  version "4.0.6"
  resolved "https://registry.yarnpkg.com/lodash.isplainobject/-/lodash.isplainobject-4.0.6.tgz#7c526a52d89b45c45cc690b88163be0497f550cb"
  integrity sha1-fFJqUtibRcRcxpC4gWO+BJf1UMs=

lodash.isregexp@^4.0.1:
  version "4.0.1"
  resolved "https://registry.yarnpkg.com/lodash.isregexp/-/lodash.isregexp-4.0.1.tgz#e13e647b30cd559752a04cd912086faf7da1c30b"
  integrity sha1-4T5kezDNVZdSoEzZEghvr32hwws=

lodash.isset@^4.4.2:
  version "4.4.2"
  resolved "https://registry.yarnpkg.com/lodash.isset/-/lodash.isset-4.4.2.tgz#d5eecc56b7a97ab588509e4795b3541b1cdb67bb"
  integrity sha1-1e7MVreperWIUJ5HlbNUGxzbZ7s=

lodash.isstring@^4.0.1:
  version "4.0.1"
  resolved "https://registry.yarnpkg.com/lodash.isstring/-/lodash.isstring-4.0.1.tgz#d527dfb5456eca7cc9bb95d5daeaf88ba54a5451"
  integrity sha1-1SfftUVuynzJu5XV2ur4i6VKVFE=

lodash.issymbol@^4.0.1:
  version "4.0.1"
  resolved "https://registry.yarnpkg.com/lodash.issymbol/-/lodash.issymbol-4.0.1.tgz#04ad41d96f3f4f399c37dd4fcf3c1b6901e16116"
  integrity sha1-BK1B2W8/TzmcN91PzzwbaQHhYRY=

ramda@^0.27.1:
  version "0.27.1"
  resolved "https://registry.yarnpkg.com/ramda/-/ramda-0.27.1.tgz#66fc2df3ef873874ffc2da6aa8984658abacf5c9"
  integrity sha512-PgIdVpn5y5Yns8vqb8FzBUEYn98V3xcPgawAkkgj0YJ0qDsnHCiNmZYfOGMgOvoB0eWFLpYbhxUR3mxfDIMvpw==
